
Microsoft Visual Studio Solution File, Format Version 12.00
# Visual Studio Version 17
VisualStudioVersion = 17.4.33403.182
MinimumVisualStudioVersion = 10.0.40219.1
Project("{FAE04EC0-301F-11D3-BF4B-00C04F79EFBC}") = "Example1", "Example1\Example1.csproj", "{B82319CB-F953-46D9-9A3C-8E2740003154}"
EndProject
Project("{FAE04EC0-301F-11D3-BF4B-00C04F79EFBC}") = "WindowsFormsApp1", "WindowsFormsApp1\WindowsFormsApp1.csproj", "{C399BC88-82A8-4993-8617-01FBBEC027EF}"
EndProject
Project("{FAE04EC0-301F-11D3-BF4B-00C04F79EFBC}") = "WindowsFormsApp2", "WindowsFormsApp2\WindowsFormsApp2.csproj", "{9973C0C7-41EB-4A31-A19A-A3B465A16EDD}"
EndProject
Project("{FAE04EC0-301F-11D3-BF4B-00C04F79EFBC}") = "WindowsFormsApp3", "WindowsFormsApp3\WindowsFormsApp3.csproj", "{B107035A-22E9-4081-B8B5-4A63630C3EAD}"
EndProject
Project("{FAE04EC0-301F-11D3-BF4B-00C04F79EFBC}") = "BUS", "BUS\BUS.csproj", "{FF6CE3EC-5BD9-4A78-8DA5-4B1B54861DDE}"
EndProject
Project("{FAE04EC0-301F-11D3-BF4B-00C04F79EFBC}") = "DAL", "DAL\DAL.csproj", "{8F6C27E3-30D6-40CF-A536-AAB88AA89999}"
EndProject
Project("{FAE04EC0-301F-11D3-BF4B-00C04F79EFBC}") = "DTO", "DTO\DTO.csproj", "{7BBF1BE8-7C2E-4590-A760-34A8F6987ECD}"
EndProject
Project("{FAE04EC0-301F-11D3-BF4B-00C04F79EFBC}") = "GUI", "GUI\GUI.csproj", "{5FFCBE1C-5B5B-428D-A6BB-E3C40022492F}"
EndProject
Global
	GlobalSection(SolutionConfigurationPlatforms) = preSolution
		Debug|Any CPU = Debug|Any CPU
		Release|Any CPU = Release|Any CPU
	EndGlobalSection
	GlobalSection(ProjectConfigurationPlatforms) = postSolution
		{B82319CB-F953-46D9-9A3C-8E2740003154}.Debug|Any CPU.ActiveCfg = Debug|Any CPU
		{B82319CB-F953-46D9-9A3C-8E2740003154}.Debug|Any CPU.Build.0 = Debug|Any CPU
		{B82319CB-F953-46D9-9A3C-8E2740003154}.Release|Any CPU.ActiveCfg = Release|Any CPU
		{B82319CB-F953-46D9-9A3C-8E2740003154}.Release|Any CPU.Build.0 = Release|Any CPU
		{C399BC88-82A8-4993-8617-01FBBEC027EF}.Debug|Any CPU.ActiveCfg = Debug|Any CPU
		{C399BC88-82A8-4993-8617-01FBBEC027EF}.Debug|Any CPU.Build.0 = Debug|Any CPU
		{C399BC88-82A8-4993-8617-01FBBEC027EF}.Release|Any CPU.ActiveCfg = Release|Any CPU
		{C399BC88-82A8-4993-8617-01FBBEC027EF}.Release|Any CPU.Build.0 = Release|Any CPU
		{9973C0C7-41EB-4A31-A19A-A3B465A16EDD}.Debug|Any CPU.ActiveCfg = Debug|Any CPU
		{9973C0C7-41EB-4A31-A19A-A3B465A16EDD}.Debug|Any CPU.Build.0 = Debug|Any CPU
		{9973C0C7-41EB-4A31-A19A-A3B465A16EDD}.Release|Any CPU.ActiveCfg = Release|Any CPU
		{9973C0C7-41EB-4A31-A19A-A3B465A16EDD}.Release|Any CPU.Build.0 = Release|Any CPU
		{B107035A-22E9-4081-B8B5-4A63630C3EAD}.Debug|Any CPU.ActiveCfg = Debug|Any CPU
		{B107035A-22E9-4081-B8B5-4A63630C3EAD}.Debug|Any CPU.Build.0 = Debug|Any CPU
		{B107035A-22E9-4081-B8B5-4A63630C3EAD}.Release|Any CPU.ActiveCfg = Release|Any CPU
		{B107035A-22E9-4081-B8B5-4A63630C3EAD}.Release|Any CPU.Build.0 = Release|Any CPU
		{FF6CE3EC-5BD9-4A78-8DA5-4B1B54861DDE}.Debug|Any CPU.ActiveCfg = Debug|Any CPU
		{FF6CE3EC-5BD9-4A78-8DA5-4B1B54861DDE}.Debug|Any CPU.Build.0 = Debug|Any CPU
		{FF6CE3EC-5BD9-4A78-8DA5-4B1B54861DDE}.Release|Any CPU.ActiveCfg = Release|Any CPU
		{FF6CE3EC-5BD9-4A78-8DA5-4B1B54861DDE}.Release|Any CPU.Build.0 = Release|Any CPU
		{8F6C27E3-30D6-40CF-A536-AAB88AA89999}.Debug|Any CPU.ActiveCfg = Debug|Any CPU
		{8F6C27E3-30D6-40CF-A536-AAB88AA89999}.Debug|Any CPU.Build.0 = Debug|Any CPU
		{8F6C27E3-30D6-40CF-A536-AAB88AA89999}.Release|Any CPU.ActiveCfg = Release|Any CPU
		{8F6C27E3-30D6-40CF-A536-AAB88AA89999}.Release|Any CPU.Build.0 = Release|Any CPU
		{7BBF1BE8-7C2E-4590-A760-34A8F6987ECD}.Debug|Any CPU.ActiveCfg = Debug|Any CPU
		{7BBF1BE8-7C2E-4590-A760-34A8F6987ECD}.Debug|Any CPU.Build.0 = Debug|Any CPU
		{7BBF1BE8-7C2E-4590-A760-34A8F6987ECD}.Release|Any CPU.ActiveCfg = Release|Any CPU
		{7BBF1BE8-7C2E-4590-A760-34A8F6987ECD}.Release|Any CPU.Build.0 = Release|Any CPU
		{5FFCBE1C-5B5B-428D-A6BB-E3C40022492F}.Debug|Any CPU.ActiveCfg = Debug|Any CPU
		{5FFCBE1C-5B5B-428D-A6BB-E3C40022492F}.Debug|Any CPU.Build.0 = Debug|Any CPU
		{5FFCBE1C-5B5B-428D-A6BB-E3C40022492F}.Release|Any CPU.ActiveCfg = Release|Any CPU
		{5FFCBE1C-5B5B-428D-A6BB-E3C40022492F}.Release|Any CPU.Build.0 = Release|Any CPU
	EndGlobalSection
	GlobalSection(SolutionProperties) = preSolution
		HideSolutionNode = FALSE
	EndGlobalSection
	GlobalSection(ExtensibilityGlobals) = postSolution
		SolutionGuid = {2E201664-9C1A-4682-9C8B-70ED7B930A0A}
	EndGlobalSection
EndGlobal
